{
  "version": "1.3.0",
  "lockfileVersion": 1,
  "requires": true,
  "dependencies": {
    "@azure/abort-controller": {
      "version": "1.1.0",
      "resolved": "https://registry.npmjs.org/@azure/abort-controller/-/abort-controller-1.1.0.tgz",
      "integrity": "sha512-TrRLIoSQVzfAJX9H1JeFjzAoDGcoK1IYX1UImfceTZpsyYfWr09Ss1aHW1y5TrrR3iq6RZLBwJ3E24uwPhwahw==",
      "requires": {
        "tslib": "^2.2.0"
      }
    },
    "@azure/core-auth": {
      "version": "1.3.2",
      "resolved": "https://registry.npmjs.org/@azure/core-auth/-/core-auth-1.3.2.tgz",
      "integrity": "sha512-7CU6DmCHIZp5ZPiZ9r3J17lTKMmYsm/zGvNkjArQwPkrLlZ1TZ+EUYfGgh2X31OLMVAQCTJZW4cXHJi02EbJnA==",
      "requires": {
        "@azure/abort-controller": "^1.0.0",
        "tslib": "^2.2.0"
      }
    },
    "@azure/core-client": {
      "version": "1.6.0",
      "resolved": "https://registry.npmjs.org/@azure/core-client/-/core-client-1.6.0.tgz",
      "integrity": "sha512-YhSf4cb61ApSjItscp9XoaLq8KRnacPDAhmjAZSMnn/gs6FhFbZNfOBOErG2dDj7JRknVtCmJ5mLmfR2sLa11A==",
      "requires": {
        "@azure/abort-controller": "^1.0.0",
        "@azure/core-auth": "^1.3.0",
        "@azure/core-rest-pipeline": "^1.5.0",
        "@azure/core-tracing": "^1.0.0",
        "@azure/core-util": "^1.0.0",
        "@azure/logger": "^1.0.0",
        "tslib": "^2.2.0"
      }
    },
    "@azure/core-rest-pipeline": {
      "version": "1.9.0",
      "resolved": "https://registry.npmjs.org/@azure/core-rest-pipeline/-/core-rest-pipeline-1.9.0.tgz",
      "integrity": "sha512-uvM3mY+Vegk0F2r4Eh0yPdsXTUyafTQkeX0USnz1Eyangxm2Bib0w0wkJVZW8fpks7Lcv0ztIdCFTrN7H8uptg==",
      "requires": {
        "@azure/abort-controller": "^1.0.0",
        "@azure/core-auth": "^1.3.0",
        "@azure/core-tracing": "^1.0.1",
        "@azure/core-util": "^1.0.0",
        "@azure/logger": "^1.0.0",
        "form-data": "^4.0.0",
        "http-proxy-agent": "^4.0.1",
        "https-proxy-agent": "^5.0.0",
        "tslib": "^2.2.0",
        "uuid": "^8.3.0"
      }
    },
    "@azure/core-tracing": {
      "version": "1.0.1",
      "resolved": "https://registry.npmjs.org/@azure/core-tracing/-/core-tracing-1.0.1.tgz",
      "integrity": "sha512-I5CGMoLtX+pI17ZdiFJZgxMJApsK6jjfm85hpgp3oazCdq5Wxgh4wMr7ge/TTWW1B5WBuvIOI1fMU/FrOAMKrw==",
      "requires": {
        "tslib": "^2.2.0"
      }
    },
    "@azure/core-util": {
      "version": "1.0.0",
      "resolved": "https://registry.npmjs.org/@azure/core-util/-/core-util-1.0.0.tgz",
      "integrity": "sha512-yWshY9cdPthlebnb3Zuz/j0Lv4kjU6u7PR5sW7A9FF7EX+0irMRJAtyTq5TPiDHJfjH8gTSlnIYFj9m7Ed76IQ==",
      "requires": {
        "tslib": "^2.2.0"
      }
    },
    "@azure/functions": {
      "version": "3.2.0",
      "resolved": "https://registry.npmjs.org/@azure/functions/-/functions-3.2.0.tgz",
      "integrity": "sha512-HbE7iORnYcjLzKNf5mIQRJQDTsVxhoXHRWEZ6KWdGh4e7+F9xTloiBicavbSoVmlAYivenIVpryHanVwsQaHUw==",
      "dev": true
    },
    "@azure/logger": {
      "version": "1.0.3",
      "resolved": "https://registry.npmjs.org/@azure/logger/-/logger-1.0.3.tgz",
      "integrity": "sha512-aK4s3Xxjrx3daZr3VylxejK3vG5ExXck5WOHDJ8in/k9AqlfIyFMMT1uG7u8mNjX+QRILTIn0/Xgschfh/dQ9g==",
      "requires": {
        "tslib": "^2.2.0"
      }
    },
    "@azure/monitor-opentelemetry-exporter": {
      "version": "1.0.0-beta.8",
      "resolved": "https://registry.npmjs.org/@azure/monitor-opentelemetry-exporter/-/monitor-opentelemetry-exporter-1.0.0-beta.8.tgz",
      "integrity": "sha512-r5AW/32+47vUpmLGASe2+ulasBE0RMro0MGEQL9VlgBPE+53QlSplDbCNGd+4IqGLzRx2oFuoyzx9E46doUvcQ==",
      "requires": {
        "@azure/core-auth": "^1.3.0",
        "@azure/core-client": "^1.0.0",
        "@azure/core-rest-pipeline": "^1.1.0",
        "@opentelemetry/api": "^1.1.0",
        "@opentelemetry/api-metrics": "0.29.2",
        "@opentelemetry/core": "^1.3.1",
        "@opentelemetry/resources": "^1.3.1",
        "@opentelemetry/sdk-metrics-base": "0.29.2",
        "@opentelemetry/sdk-trace-base": "^1.3.1",
        "@opentelemetry/semantic-conventions": "^1.3.1",
        "tslib": "^2.2.0"
      }
    },
    "@opentelemetry/api": {
      "version": "1.1.0",
      "resolved": "https://registry.npmjs.org/@opentelemetry/api/-/api-1.1.0.tgz",
      "integrity": "sha512-hf+3bwuBwtXsugA2ULBc95qxrOqP2pOekLz34BJhcAKawt94vfeNyUKpYc0lZQ/3sCP6LqRa7UAdHA7i5UODzQ=="
    },
    "@opentelemetry/api-metrics": {
      "version": "0.29.2",
      "resolved": "https://registry.npmjs.org/@opentelemetry/api-metrics/-/api-metrics-0.29.2.tgz",
      "integrity": "sha512-yRdF5beqKuEdsPNoO7ijWCQ9HcyN0Tlgicf8RS6gzGOI54d6Hj7yKquJ6+X9XV+CSRbRWJYb+lOsXyso7uyX2g==",
      "requires": {
        "@opentelemetry/api": "^1.0.0"
      }
    },
    "@opentelemetry/context-async-hooks": {
      "version": "0.24.0",
      "resolved": "https://registry.npmjs.org/@opentelemetry/context-async-hooks/-/context-async-hooks-0.24.0.tgz",
      "integrity": "sha512-Db8AgMByBEFKLJGSUBlNq4Un/Tqzj5W0hTxx3hIic8DvBwqbvUvkMGuiQYLKE2Ay21cLYMT01xK4TEKz0OxADw=="
    },
    "@opentelemetry/core": {
      "version": "1.4.0",
      "resolved": "https://registry.npmjs.org/@opentelemetry/core/-/core-1.4.0.tgz",
      "integrity": "sha512-faq50VFEdyC7ICAOlhSi+yYZ+peznnGjTJToha9R63i9fVopzpKrkZt7AIdXUmz2+L2OqXrcJs7EIdN/oDyr5w==",
      "requires": {
        "@opentelemetry/semantic-conventions": "1.4.0"
      }
    },
    "@opentelemetry/node": {
      "version": "0.24.0",
      "resolved": "https://registry.npmjs.org/@opentelemetry/node/-/node-0.24.0.tgz",
      "integrity": "sha512-Sy8QooZFOeVUcJIKetw5xsq15/1ivZovWg0RnKWtzURMQrcOxmQ3bGrXPORklOJxOtf5snDHgT37Y7dBgr+c+g==",
      "requires": {
        "@opentelemetry/context-async-hooks": "0.24.0",
        "@opentelemetry/core": "0.24.0",
        "@opentelemetry/propagator-b3": "0.24.0",
        "@opentelemetry/propagator-jaeger": "0.24.0",
        "@opentelemetry/tracing": "0.24.0",
        "semver": "^7.1.3"
      },
      "dependencies": {
        "@opentelemetry/core": {
          "version": "0.24.0",
          "resolved": "https://registry.npmjs.org/@opentelemetry/core/-/core-0.24.0.tgz",
          "integrity": "sha512-KpsfxBbFTZT9zaB4Es/fFLbvSzVl9Io/8UUu/TYl4/HgqkmyVInNlWTgRiKyz9nsHzFpGP1kdZJj+YIut0IFsw==",
          "requires": {
            "@opentelemetry/semantic-conventions": "0.24.0",
            "semver": "^7.1.3"
          }
        },
        "@opentelemetry/semantic-conventions": {
          "version": "0.24.0",
          "resolved": "https://registry.npmjs.org/@opentelemetry/semantic-conventions/-/semantic-conventions-0.24.0.tgz",
          "integrity": "sha512-a/szuMQV0Quy0/M7kKdglcbRSoorleyyOwbTNNJ32O+RBN766wbQlMTvdimImTmwYWGr+NJOni1EcC242WlRcA=="
        }
      }
    },
    "@opentelemetry/propagator-b3": {
      "version": "0.24.0",
      "resolved": "https://registry.npmjs.org/@opentelemetry/propagator-b3/-/propagator-b3-0.24.0.tgz",
      "integrity": "sha512-iV7KSN0LkEAkeVCbhaIJAgTEb7HCnVkprmpgkL6q79rP3vTW4dylwfBYgIwod7y0GT4Ofgomm0NrwwWiuGLbQA==",
      "requires": {
        "@opentelemetry/core": "0.24.0"
      },
      "dependencies": {
        "@opentelemetry/core": {
          "version": "0.24.0",
          "resolved": "https://registry.npmjs.org/@opentelemetry/core/-/core-0.24.0.tgz",
          "integrity": "sha512-KpsfxBbFTZT9zaB4Es/fFLbvSzVl9Io/8UUu/TYl4/HgqkmyVInNlWTgRiKyz9nsHzFpGP1kdZJj+YIut0IFsw==",
          "requires": {
            "@opentelemetry/semantic-conventions": "0.24.0",
            "semver": "^7.1.3"
          }
        },
        "@opentelemetry/semantic-conventions": {
          "version": "0.24.0",
          "resolved": "https://registry.npmjs.org/@opentelemetry/semantic-conventions/-/semantic-conventions-0.24.0.tgz",
          "integrity": "sha512-a/szuMQV0Quy0/M7kKdglcbRSoorleyyOwbTNNJ32O+RBN766wbQlMTvdimImTmwYWGr+NJOni1EcC242WlRcA=="
        }
      }
    },
    "@opentelemetry/propagator-jaeger": {
      "version": "0.24.0",
      "resolved": "https://registry.npmjs.org/@opentelemetry/propagator-jaeger/-/propagator-jaeger-0.24.0.tgz",
      "integrity": "sha512-QXCxBwuSka+vXbBZdumtF7YKO84gwTyKy3GelZV5BPlgWoge0AbLR3DfsO9Beu13pmD+4PyuwMw3LfYsgG1+3g==",
      "requires": {
        "@opentelemetry/core": "0.24.0"
      },
      "dependencies": {
        "@opentelemetry/core": {
          "version": "0.24.0",
          "resolved": "https://registry.npmjs.org/@opentelemetry/core/-/core-0.24.0.tgz",
          "integrity": "sha512-KpsfxBbFTZT9zaB4Es/fFLbvSzVl9Io/8UUu/TYl4/HgqkmyVInNlWTgRiKyz9nsHzFpGP1kdZJj+YIut0IFsw==",
          "requires": {
            "@opentelemetry/semantic-conventions": "0.24.0",
            "semver": "^7.1.3"
          }
        },
        "@opentelemetry/semantic-conventions": {
          "version": "0.24.0",
          "resolved": "https://registry.npmjs.org/@opentelemetry/semantic-conventions/-/semantic-conventions-0.24.0.tgz",
          "integrity": "sha512-a/szuMQV0Quy0/M7kKdglcbRSoorleyyOwbTNNJ32O+RBN766wbQlMTvdimImTmwYWGr+NJOni1EcC242WlRcA=="
        }
      }
    },
    "@opentelemetry/resources": {
      "version": "1.4.0",
      "resolved": "https://registry.npmjs.org/@opentelemetry/resources/-/resources-1.4.0.tgz",
      "integrity": "sha512-Q3pI5+pCM+Ur7YwK9GbG89UBipwJbfmuzSPAXTw964ZHFzSrz+JAgrETC9rqsUOYdUlj/V7LbRMG5bo72xE0Xw==",
      "requires": {
        "@opentelemetry/core": "1.4.0",
        "@opentelemetry/semantic-conventions": "1.4.0"
      }
    },
    "@opentelemetry/sdk-metrics-base": {
      "version": "0.29.2",
      "resolved": "https://registry.npmjs.org/@opentelemetry/sdk-metrics-base/-/sdk-metrics-base-0.29.2.tgz",
      "integrity": "sha512-7hhhZ/6YRRgAXOUTeCsbe6SIk3wZAdAHnEwGGp7aiVH5AOyioHyHInw4EHtowlD6dbLxUWURjh6k+Geht2zbxg==",
      "requires": {
        "@opentelemetry/api-metrics": "0.29.2",
        "@opentelemetry/core": "1.3.1",
        "@opentelemetry/resources": "1.3.1",
        "lodash.merge": "4.6.2"
      },
      "dependencies": {
        "@opentelemetry/core": {
          "version": "1.3.1",
          "resolved": "https://registry.npmjs.org/@opentelemetry/core/-/core-1.3.1.tgz",
          "integrity": "sha512-k7lOC86N7WIyUZsUuSKZfFIrUtINtlauMGQsC1r7jNmcr0vVJGqK1ROBvt7WWMxLbpMnt1q2pXJO8tKu0b9auA==",
          "requires": {
            "@opentelemetry/semantic-conventions": "1.3.1"
          }
        },
        "@opentelemetry/resources": {
          "version": "1.3.1",
          "resolved": "https://registry.npmjs.org/@opentelemetry/resources/-/resources-1.3.1.tgz",
          "integrity": "sha512-X8bl3X0YjlsHWy0Iv0KUETtZuRUznX4yr1iScKCtfy8AoRfZFc2xxWKMDJ0TrqYwSapgeg4YwpmRzUKmmnrbeA==",
          "requires": {
            "@opentelemetry/core": "1.3.1",
            "@opentelemetry/semantic-conventions": "1.3.1"
          }
        },
        "@opentelemetry/semantic-conventions": {
          "version": "1.3.1",
          "resolved": "https://registry.npmjs.org/@opentelemetry/semantic-conventions/-/semantic-conventions-1.3.1.tgz",
          "integrity": "sha512-wU5J8rUoo32oSef/rFpOT1HIjLjAv3qIDHkw1QIhODV3OpAVHi5oVzlouozg9obUmZKtbZ0qUe/m7FP0y0yBzA=="
        }
      }
    },
    "@opentelemetry/sdk-trace-base": {
      "version": "1.4.0",
      "resolved": "https://registry.npmjs.org/@opentelemetry/sdk-trace-base/-/sdk-trace-base-1.4.0.tgz",
      "integrity": "sha512-l7EEjcOgYlKWK0hfxz4Jtkkk2DuGiqBDWmRZf7g2Is9RVneF1IgcrbYZTKGaVfBKA7lPuVtUiQ2qTv3R+dKJrw==",
      "requires": {
        "@opentelemetry/core": "1.4.0",
        "@opentelemetry/resources": "1.4.0",
        "@opentelemetry/semantic-conventions": "1.4.0"
      }
    },
    "@opentelemetry/sdk-trace-node": {
      "version": "1.4.0",
      "resolved": "https://registry.npmjs.org/@opentelemetry/sdk-trace-node/-/sdk-trace-node-1.4.0.tgz",
      "integrity": "sha512-LET70LwaE8gK3W6jpeG6C7BNbl5m8fnEgNmO0LFXHyl4yofIzficDy06zjgVtPp1urygNuYPtK/4yiactzTvZg==",
      "requires": {
        "@opentelemetry/context-async-hooks": "1.4.0",
        "@opentelemetry/core": "1.4.0",
        "@opentelemetry/propagator-b3": "1.4.0",
        "@opentelemetry/propagator-jaeger": "1.4.0",
        "@opentelemetry/sdk-trace-base": "1.4.0",
        "semver": "^7.3.5"
      },
      "dependencies": {
        "@opentelemetry/context-async-hooks": {
          "version": "1.4.0",
          "resolved": "https://registry.npmjs.org/@opentelemetry/context-async-hooks/-/context-async-hooks-1.4.0.tgz",
          "integrity": "sha512-yXpe1qCK3CevzWN3VmLlEOcipNdSV6al204lWMDoBI4eCy3rWZZEAGlwRvIiEy3uPrHClh6BQ5Z0q1+LEB/y8g=="
        },
        "@opentelemetry/propagator-b3": {
          "version": "1.4.0",
          "resolved": "https://registry.npmjs.org/@opentelemetry/propagator-b3/-/propagator-b3-1.4.0.tgz",
          "integrity": "sha512-KKFjvU2qrOEoK2S9FfSkE11u3AVxCniJOH7av6pmbFwkv1YD6uHNqvjvY4Xe6VwFOyKuTYS69VydO9OjJ5gvVA==",
          "requires": {
            "@opentelemetry/core": "1.4.0"
          }
        },
        "@opentelemetry/propagator-jaeger": {
          "version": "1.4.0",
          "resolved": "https://registry.npmjs.org/@opentelemetry/propagator-jaeger/-/propagator-jaeger-1.4.0.tgz",
          "integrity": "sha512-LvSzgt9RIGYiMP9E45ifT5WtALsDyY74y/1Ol0DK4xmJt8Sku7YastjCZaxpsvLGA4CGAtth0ozic88AvJrmgw==",
          "requires": {
            "@opentelemetry/core": "1.4.0"
          }
        }
      }
    },
    "@opentelemetry/semantic-conventions": {
      "version": "1.4.0",
      "resolved": "https://registry.npmjs.org/@opentelemetry/semantic-conventions/-/semantic-conventions-1.4.0.tgz",
      "integrity": "sha512-Hzl8soGpmyzja9w3kiFFcYJ7n5HNETpplY6cb67KR4QPlxp4FTTresO06qXHgHDhyIInmbLJXuwARjjpsKYGuQ=="
    },
    "@opentelemetry/tracing": {
      "version": "0.24.0",
      "resolved": "https://registry.npmjs.org/@opentelemetry/tracing/-/tracing-0.24.0.tgz",
      "integrity": "sha512-sTLEs1SIon3xV8vLe53PzfbU0FahoxL9NPY/CYvA1mwGbMu4zHkHAjqy1Tc8JmqRrfa+XrHkmzeSM4hrvloBaA==",
      "requires": {
        "@opentelemetry/core": "0.24.0",
        "@opentelemetry/resources": "0.24.0",
        "@opentelemetry/semantic-conventions": "0.24.0",
        "lodash.merge": "^4.6.2"
      },
      "dependencies": {
        "@opentelemetry/core": {
          "version": "0.24.0",
          "resolved": "https://registry.npmjs.org/@opentelemetry/core/-/core-0.24.0.tgz",
          "integrity": "sha512-KpsfxBbFTZT9zaB4Es/fFLbvSzVl9Io/8UUu/TYl4/HgqkmyVInNlWTgRiKyz9nsHzFpGP1kdZJj+YIut0IFsw==",
          "requires": {
            "@opentelemetry/semantic-conventions": "0.24.0",
            "semver": "^7.1.3"
          }
        },
        "@opentelemetry/resources": {
          "version": "0.24.0",
          "resolved": "https://registry.npmjs.org/@opentelemetry/resources/-/resources-0.24.0.tgz",
          "integrity": "sha512-uEr2m13IRkjQAjX6fsYqJ21aONCspRvuQunaCl8LbH1NS1Gj82TuRUHF6TM82ulBPK8pU+nrrqXKuky2cMcIzw==",
          "requires": {
            "@opentelemetry/core": "0.24.0",
            "@opentelemetry/semantic-conventions": "0.24.0"
          }
        },
        "@opentelemetry/semantic-conventions": {
          "version": "0.24.0",
          "resolved": "https://registry.npmjs.org/@opentelemetry/semantic-conventions/-/semantic-conventions-0.24.0.tgz",
          "integrity": "sha512-a/szuMQV0Quy0/M7kKdglcbRSoorleyyOwbTNNJ32O+RBN766wbQlMTvdimImTmwYWGr+NJOni1EcC242WlRcA=="
        }
      }
    },
    "@tootallnate/once": {
      "version": "1.1.2",
      "resolved": "https://registry.npmjs.org/@tootallnate/once/-/once-1.1.2.tgz",
      "integrity": "sha512-RbzJvlNzmRq5c3O09UipeuXno4tA1FE6ikOjxZK0tuxVv3412l64l5t1W5pj4+rJq9vpkm/kwiR07aZXnsKPxw=="
    },
    "agent-base": {
      "version": "6.0.2",
      "resolved": "https://registry.npmjs.org/agent-base/-/agent-base-6.0.2.tgz",
      "integrity": "sha512-RZNwNclF7+MS/8bDg70amg32dyeZGZxiDuQmZxKLAlQjr3jGyLx+4Kkk58UO7D2QdgFIQCovuSuZESne6RG6XQ==",
      "requires": {
        "debug": "4"
      }
    },
    "asynckit": {
      "version": "0.4.0",
      "resolved": "https://registry.npmjs.org/asynckit/-/asynckit-0.4.0.tgz",
      "integrity": "sha512-Oei9OH4tRh0YqU3GxhX79dM/mwVgvbZJaSNaRk+bshkj0S5cfHcgYakreBjrHwatXKbz+IoIdYLxrKim2MjW0Q=="
    },
    "axios": {
      "version": "0.27.2",
      "resolved": "https://registry.npmjs.org/axios/-/axios-0.27.2.tgz",
      "integrity": "sha512-t+yRIyySRTp/wua5xEr+z1q60QmLq8ABsS5O9Me1AsE5dfKqgnCFzwiCZZ/cGNd1lq4/7akDWMxdhVlucjmnOQ==",
      "requires": {
        "follow-redirects": "^1.14.9",
        "form-data": "^4.0.0"
      }
    },
    "bindings": {
      "version": "1.5.0",
      "resolved": "https://registry.npmjs.org/bindings/-/bindings-1.5.0.tgz",
      "integrity": "sha512-p2q/t/mhvuOj/UeLlV6566GD/guowlr0hHxClI0W9m7MWYkL1F0hLo+0Aexs9HSPCtR1SXQ0TD3MMKrXZajbiQ==",
      "requires": {
        "file-uri-to-path": "1.0.0"
      }
    },
    "combined-stream": {
      "version": "1.0.8",
      "resolved": "https://registry.npmjs.org/combined-stream/-/combined-stream-1.0.8.tgz",
      "integrity": "sha512-FQN4MRfuJeHf7cBbBMJFXhKSDq+2kAArBlmRBvcvFE5BB1HZKXtSFASDhdlz9zOYwxh8lDdnvmMOe/+5cdoEdg==",
      "requires": {
        "delayed-stream": "~1.0.0"
      }
    },
    "deasync": {
      "version": "0.1.27",
      "resolved": "https://registry.npmjs.org/deasync/-/deasync-0.1.27.tgz",
      "integrity": "sha512-aCt6M9Ilkvs8TKIchmibUpNe/QSp9UNQL6YkvVraAce/SFFZCvYw3lQevl6MlUDn8Xr4QD4wYTerWH22yn+ODQ==",
      "requires": {
        "bindings": "^1.5.0",
        "node-addon-api": "^1.7.1"
      }
    },
    "debug": {
      "version": "4.3.4",
      "resolved": "https://registry.npmjs.org/debug/-/debug-4.3.4.tgz",
      "integrity": "sha512-PRWFHuSU3eDtQJPvnNY7Jcket1j0t5OuOsFzPPzsekD52Zl8qUfFIPEiswXqIvHWGVHOgX+7G/vCNNhehwxfkQ==",
      "requires": {
        "ms": "2.1.2"
      }
    },
    "delayed-stream": {
      "version": "1.0.0",
      "resolved": "https://registry.npmjs.org/delayed-stream/-/delayed-stream-1.0.0.tgz",
      "integrity": "sha512-ZySD7Nf91aLB0RxL4KGrKHBXl7Eds1DAmEdcoVawXnLD7SDhpNgtuII2aAkg7a7QS41jxPSZ17p4VdGnMHk3MQ=="
    },
    "file-uri-to-path": {
      "version": "1.0.0",
      "resolved": "https://registry.npmjs.org/file-uri-to-path/-/file-uri-to-path-1.0.0.tgz",
      "integrity": "sha512-0Zt+s3L7Vf1biwWZ29aARiVYLx7iMGnEUl9x33fbB/j3jR81u/O2LbqK+Bm1CDSNDKVtJ/YjwY7TUd5SkeLQLw=="
    },
    "follow-redirects": {
      "version": "1.15.1",
      "resolved": "https://registry.npmjs.org/follow-redirects/-/follow-redirects-1.15.1.tgz",
      "integrity": "sha512-yLAMQs+k0b2m7cVxpS1VKJVvoz7SS9Td1zss3XRwXj+ZDH00RJgnuLx7E44wx02kQLrdM3aOOy+FpzS7+8OizA=="
    },
    "form-data": {
      "version": "4.0.0",
      "resolved": "https://registry.npmjs.org/form-data/-/form-data-4.0.0.tgz",
      "integrity": "sha512-ETEklSGi5t0QMZuiXoA/Q6vcnxcLQP5vdugSpuAyi6SVGi2clPPp+xgEhuMaHC+zGgn31Kd235W35f7Hykkaww==",
      "requires": {
        "asynckit": "^0.4.0",
        "combined-stream": "^1.0.8",
        "mime-types": "^2.1.12"
      }
    },
    "http-proxy-agent": {
      "version": "4.0.1",
      "resolved": "https://registry.npmjs.org/http-proxy-agent/-/http-proxy-agent-4.0.1.tgz",
      "integrity": "sha512-k0zdNgqWTGA6aeIRVpvfVob4fL52dTfaehylg0Y4UvSySvOq/Y+BOyPrgpUrA7HylqvU8vIZGsRuXmspskV0Tg==",
      "requires": {
        "@tootallnate/once": "1",
        "agent-base": "6",
        "debug": "4"
      }
    },
    "https-proxy-agent": {
      "version": "5.0.1",
      "resolved": "https://registry.npmjs.org/https-proxy-agent/-/https-proxy-agent-5.0.1.tgz",
      "integrity": "sha512-dFcAjpTQFgoLMzC2VwU+C/CbS7uRL0lWmxDITmqm7C+7F0Odmj6s9l6alZc6AELXhrnggM2CeWSXHGOdX2YtwA==",
      "requires": {
        "agent-base": "6",
        "debug": "4"
      }
    },
    "lodash.merge": {
      "version": "4.6.2",
      "resolved": "https://registry.npmjs.org/lodash.merge/-/lodash.merge-4.6.2.tgz",
      "integrity": "sha512-0KpjqXRVvrYyCsX1swR/XTK0va6VQkQM6MNo7PqW77ByjAhoARA8EfrP1N4+KlKj8YS0ZUCtRT/YUuhyYDujIQ=="
    },
    "lru-cache": {
      "version": "6.0.0",
      "resolved": "https://registry.npmjs.org/lru-cache/-/lru-cache-6.0.0.tgz",
      "integrity": "sha512-Jo6dJ04CmSjuznwJSS3pUeWmd/H0ffTlkXXgwZi+eq1UCmqQwCh+eLsYOYCwY991i2Fah4h1BEMCx4qThGbsiA==",
      "requires": {
        "yallist": "^4.0.0"
      }
    },
    "mime-db": {
      "version": "1.52.0",
      "resolved": "https://registry.npmjs.org/mime-db/-/mime-db-1.52.0.tgz",
      "integrity": "sha512-sPU4uV7dYlvtWJxwwxHD0PuihVNiE7TyAbQ5SWxDCB9mUYvOgroQOwYQQOKPJ8CIbE+1ETVlOoK1UC2nU3gYvg=="
    },
    "mime-types": {
      "version": "2.1.35",
      "resolved": "https://registry.npmjs.org/mime-types/-/mime-types-2.1.35.tgz",
      "integrity": "sha512-ZDY+bPm5zTTF+YpCrAU9nK0UgICYPT0QtT1NZWFv4s++TNkcgVaT0g6+4R2uI4MjQjzysHB1zxuWL50hzaeXiw==",
      "requires": {
        "mime-db": "1.52.0"
      }
    },
    "ms": {
      "version": "2.1.2",
      "resolved": "https://registry.npmjs.org/ms/-/ms-2.1.2.tgz",
      "integrity": "sha512-sGkPx+VjMtmA6MX27oA4FBFELFCZZ4S4XqeGOXCv68tT+jb3vk/RyaKWP0PTKyWtmLSM0b+adUTEvbs1PEaH2w=="
    },
    "node-addon-api": {
      "version": "1.7.2",
      "resolved": "https://registry.npmjs.org/node-addon-api/-/node-addon-api-1.7.2.tgz",
      "integrity": "sha512-ibPK3iA+vaY1eEjESkQkM0BbCqFOaZMiXRTtdB0u7b4djtY6JnsjvPdUHVMg6xQt3B8fpTTWHI9A+ADjM9frzg=="
    },
    "opentelemetrywrapper": {
      "version": "2.0.3",
      "resolved": "https://registry.npmjs.org/opentelemetrywrapper/-/opentelemetrywrapper-2.0.3.tgz",
      "integrity": "sha512-VxJbBbbFmWq3DEPbcmuNZfzlv1xkFVMH2uH3bBjvSUxrfFit08xTxj9qqkuggSMjaeia5LMXLglxGi8lRTNQKg==",
      "requires": {
        "@azure/monitor-opentelemetry-exporter": "^1.0.0-beta.8",
        "@opentelemetry/api": "^1.1.0",
        "@opentelemetry/core": "^1.4.0",
        "@opentelemetry/resources": "^1.4.0",
        "@opentelemetry/sdk-trace-base": "^1.4.0",
        "@opentelemetry/sdk-trace-node": "^1.4.0",
        "@opentelemetry/semantic-conventions": "^1.4.0",
        "typescript": "^4.7.4"
      }
    },
    "semver": {
      "version": "7.3.7",
      "resolved": "https://registry.npmjs.org/semver/-/semver-7.3.7.tgz",
      "integrity": "sha512-QlYTucUYOews+WeEujDoEGziz4K6c47V/Bd+LjSSYcA94p+DmINdf7ncaUinThfvZyu13lN9OY1XDxt8C0Tw0g==",
      "requires": {
        "lru-cache": "^6.0.0"
      }
    },
    "telemetry-wrapper": {
      "version": "1.3.0",
      "resolved": "https://registry.npmjs.org/telemetry-wrapper/-/telemetry-wrapper-1.3.0.tgz",
      "integrity": "sha512-W3ourP6Qhs7aV1skp8/2Q6t1CqfOY/86i4KCf8qrF+HBxuaVFYZ/QUMzctWr+7/JIZ8qOwtJzIm5lM379E6tIg=="
    },
    "tslib": {
      "version": "2.4.0",
      "resolved": "https://registry.npmjs.org/tslib/-/tslib-2.4.0.tgz",
      "integrity": "sha512-d6xOpEDfsi2CZVlPQzGeux8XMwLT9hssAsaPYExaQMuYskwb+x1x7J371tWlbBdWHroy99KnVB6qIkUbs5X3UQ=="
    },
    "typescript": {
      "version": "4.7.4",
      "resolved": "https://registry.npmjs.org/typescript/-/typescript-4.7.4.tgz",
      "integrity": "sha512-C0WQT0gezHuw6AdY1M2jxUO83Rjf0HP7Sk1DtXj6j1EwkQNZrHAg2XPWlq62oqEhYvONq5pkC2Y9oPljWToLmQ=="
    },
    "uuid": {
      "version": "8.3.2",
      "resolved": "https://registry.npmjs.org/uuid/-/uuid-8.3.2.tgz",
      "integrity": "sha512-+NYs2QeMWy+GWFOEm9xnn6HCDp0l7QBD7ml8zLUmJ+93Q5NF0NocErnwkTkXVFNiX3/fpC6afS8Dhb/gz7R7eg=="
    },
    "wrapperopentelemetry": {
      "version": "1.0.7",
      "resolved": "https://registry.npmjs.org/wrapperopentelemetry/-/wrapperopentelemetry-1.0.7.tgz",
      "integrity": "sha512-6H+2G3sn9ll20rh6MRil7elVTbvKfXZ/Xmj97X+FYatNLE2OhiEzI9dT8d0aI8etBU6L2rQycqyXa+2KgjGueQ==",
      "requires": {
        "@azure/monitor-opentelemetry-exporter": "^1.0.0-beta.8",
        "@opentelemetry/api": "^1.1.0",
        "@opentelemetry/resources": "^1.4.0",
        "@opentelemetry/sdk-trace-base": "^1.4.0",
        "@opentelemetry/sdk-trace-node": "^1.4.0",
        "@opentelemetry/semantic-conventions": "^1.4.0",
        "typescript": "^4.7.4"
      }
    },
    "yallist": {
      "version": "4.0.0",
      "resolved": "https://registry.npmjs.org/yallist/-/yallist-4.0.0.tgz",
      "integrity": "sha512-3wdGidZyq5PB084XLES5TpOSRA3wjXAlIWMhum2kRcv/41Sn2emQ0dycQW4uZXLejwKvg6EsvbdlVL+FYEct7A=="
    }
  }
}
